Microsoft Visual Studio Solution File, Format Version 12.00
# Visual Studio Version 17
VisualStudioVersion = 17.5.2.0
MinimumVisualStudioVersion = 10.0.40219.1
Project("{FAE04EC0-301F-11D3-BF4B-00C04F79EFBC}") = "KitX.Dashboard", "KitX Dashboard\KitX.Dashboard.csproj", "{93C5E3C7-1326-DC5D-C7C7-8BD2AB2DDA1D}"
EndProject
Project("{FAE04EC0-301F-11D3-BF4B-00C04F79EFBC}") = "KitX.Dashboard.Assets", "KitX Dashboard Assets\KitX.Dashboard.Assets.csproj", "{94E3107B-C511-4670-D38C-3C972A40AC54}"
EndProject
Project("{FAE04EC0-301F-11D3-BF4B-00C04F79EFBC}") = "KitX.Dashboard.Fonts", "KitX Dashboard Fonts\KitX.Dashboard.Fonts.csproj", "{EA9CAB3D-507E-6336-650D-5B755AB90700}"
EndProject
Project("{FAE04EC0-301F-11D3-BF4B-00C04F79EFBC}") = "KitX.Dashboard.RepairTool", "KitX Dashboard Repair Tool\KitX.Dashboard.RepairTool.csproj", "{B9A7F9C1-9D9B-799E-71C0-A3630B9A2B74}"
EndProject
Project("{FAE04EC0-301F-11D3-BF4B-00C04F79EFBC}") = "KitX.Dashboard.Updater", "KitX Dashboard Updater\KitX.Dashboard.Updater.csproj", "{89691B30-8F72-26E1-5767-4FC653FFB37B}"
EndProject
Global
	GlobalSection(SolutionConfigurationPlatforms) = preSolution
		Debug|Any CPU = Debug|Any CPU
		Release|Any CPU = Release|Any CPU
	EndGlobalSection
	GlobalSection(ProjectConfigurationPlatforms) = postSolution
		{93C5E3C7-1326-DC5D-C7C7-8BD2AB2DDA1D}.Debug|Any CPU.ActiveCfg = Debug|Any CPU
		{93C5E3C7-1326-DC5D-C7C7-8BD2AB2DDA1D}.Debug|Any CPU.Build.0 = Debug|Any CPU
		{93C5E3C7-1326-DC5D-C7C7-8BD2AB2DDA1D}.Release|Any CPU.ActiveCfg = Release|Any CPU
		{93C5E3C7-1326-DC5D-C7C7-8BD2AB2DDA1D}.Release|Any CPU.Build.0 = Release|Any CPU
		{94E3107B-C511-4670-D38C-3C972A40AC54}.Debug|Any CPU.ActiveCfg = Debug|Any CPU
		{94E3107B-C511-4670-D38C-3C972A40AC54}.Debug|Any CPU.Build.0 = Debug|Any CPU
		{94E3107B-C511-4670-D38C-3C972A40AC54}.Release|Any CPU.ActiveCfg = Release|Any CPU
		{94E3107B-C511-4670-D38C-3C972A40AC54}.Release|Any CPU.Build.0 = Release|Any CPU
		{EA9CAB3D-507E-6336-650D-5B755AB90700}.Debug|Any CPU.ActiveCfg = Debug|Any CPU
		{EA9CAB3D-507E-6336-650D-5B755AB90700}.Debug|Any CPU.Build.0 = Debug|Any CPU
		{EA9CAB3D-507E-6336-650D-5B755AB90700}.Release|Any CPU.ActiveCfg = Release|Any CPU
		{EA9CAB3D-507E-6336-650D-5B755AB90700}.Release|Any CPU.Build.0 = Release|Any CPU
		{B9A7F9C1-9D9B-799E-71C0-A3630B9A2B74}.Debug|Any CPU.ActiveCfg = Debug|Any CPU
		{B9A7F9C1-9D9B-799E-71C0-A3630B9A2B74}.Debug|Any CPU.Build.0 = Debug|Any CPU
		{B9A7F9C1-9D9B-799E-71C0-A3630B9A2B74}.Release|Any CPU.ActiveCfg = Release|Any CPU
		{B9A7F9C1-9D9B-799E-71C0-A3630B9A2B74}.Release|Any CPU.Build.0 = Release|Any CPU
		{89691B30-8F72-26E1-5767-4FC653FFB37B}.Debug|Any CPU.ActiveCfg = Debug|Any CPU
		{89691B30-8F72-26E1-5767-4FC653FFB37B}.Debug|Any CPU.Build.0 = Debug|Any CPU
		{89691B30-8F72-26E1-5767-4FC653FFB37B}.Release|Any CPU.ActiveCfg = Release|Any CPU
		{89691B30-8F72-26E1-5767-4FC653FFB37B}.Release|Any CPU.Build.0 = Release|Any CPU
	EndGlobalSection
	GlobalSection(SolutionProperties) = preSolution
		HideSolutionNode = FALSE
	EndGlobalSection
	GlobalSection(ExtensibilityGlobals) = postSolution
		SolutionGuid = {352BF017-98CA-45B5-B765-10DB02F607B0}
	EndGlobalSection
EndGlobal
